// !$*UTF8*$!
{
	archiveVersion = 1;
	classes = {
	};
	objectVersion = 50;
	objects = {

/* Begin PBXBuildFile section */
		8CFA45A32506DBE80038FA40 /* AppDelegate.swift in Sources */ = {isa = PBXBuildFile; fileRef = 8CFA45A22506DBE80038FA40 /* AppDelegate.swift */; };
		8CFA45A52506DBE80038FA40 /* SceneDelegate.swift in Sources */ = {isa = PBXBuildFile; fileRef = 8CFA45A42506DBE80038FA40 /* SceneDelegate.swift */; };
		8CFA45A72506DBE80038FA40 /* ViewController.swift in Sources */ = {isa = PBXBuildFile; fileRef = 8CFA45A62506DBE80038FA40 /* ViewController.swift */; };
		8CFA45AA2506DBE80038FA40 /* Main.storyboard in Resources */ = {isa = PBXBuildFile; fileRef = 8CFA45A82506DBE80038FA40 /* Main.storyboard */; };
		8CFA45AC2506DBEA0038FA40 /* Assets.xcassets in Resources */ = {isa = PBXBuildFile; fileRef = 8CFA45AB2506DBEA0038FA40 /* Assets.xcassets */; };
		8CFA45AF2506DBEA0038FA40 /* LaunchScreen.storyboard in Resources */ = {isa = PBXBuildFile; fileRef = 8CFA45AD2506DBEA0038FA40 /* LaunchScreen.storyboard */; };
		8CFA45BC2506DC140038FA40 /* Interface.storyboard in Resources */ = {isa = PBXBuildFile; fileRef = 8CFA45BA2506DC140038FA40 /* Interface.storyboard */; };
		8CFA45BE2506DC150038FA40 /* Assets.xcassets in Resources */ = {isa = PBXBuildFile; fileRef = 8CFA45BD2506DC150038FA40 /* Assets.xcassets */; };
		8CFA45C52506DC150038FA40 /* Grocery List Watch Extension.appex in Embed App Extensions */ = {isa = PBXBuildFile; fileRef = 8CFA45C42506DC150038FA40 /* Grocery List Watch Extension.appex */; settings = {ATTRIBUTES = (RemoveHeadersOnCopy, ); }; };
		8CFA45CA2506DC150038FA40 /* InterfaceController.swift in Sources */ = {isa = PBXBuildFile; fileRef = 8CFA45C92506DC150038FA40 /* InterfaceController.swift */; };
		8CFA45CC2506DC150038FA40 /* ExtensionDelegate.swift in Sources */ = {isa = PBXBuildFile; fileRef = 8CFA45CB2506DC150038FA40 /* ExtensionDelegate.swift */; };
		8CFA45CE2506DC150038FA40 /* NotificationController.swift in Sources */ = {isa = PBXBuildFile; fileRef = 8CFA45CD2506DC150038FA40 /* NotificationController.swift */; };
		8CFA45D02506DC160038FA40 /* Assets.xcassets in Resources */ = {isa = PBXBuildFile; fileRef = 8CFA45CF2506DC160038FA40 /* Assets.xcassets */; };
		8CFA45D52506DC160038FA40 /* Grocery List Watch.app in Embed Watch Content */ = {isa = PBXBuildFile; fileRef = 8CFA45B82506DC140038FA40 /* Grocery List Watch.app */; settings = {ATTRIBUTES = (RemoveHeadersOnCopy, ); }; };
		8CFA45DF2506E3450038FA40 /* RowController.swift in Sources */ = {isa = PBXBuildFile; fileRef = 8CFA45DE2506E3450038FA40 /* RowController.swift */; };
/* End PBXBuildFile section */

/* Begin PBXContainerItemProxy section */
		8CFA45C62506DC150038FA40 /* PBXContainerItemProxy */ = {
			isa = PBXContainerItemProxy;
			containerPortal = 8CFA45972506DBE80038FA40 /* Project object */;
			proxyType = 1;
			remoteGlobalIDString = 8CFA45C32506DC150038FA40;
			remoteInfo = "Grocery List Watch Extension";
		};
		8CFA45D32506DC160038FA40 /* PBXContainerItemProxy */ = {
			isa = PBXContainerItemProxy;
			containerPortal = 8CFA45972506DBE80038FA40 /* Project object */;
			proxyType = 1;
			remoteGlobalIDString = 8CFA45B72506DC140038FA40;
			remoteInfo = "Grocery List Watch";
		};
/* End PBXContainerItemProxy section */

/* Begin PBXCopyFilesBuildPhase section */
		8CFA45D92506DC160038FA40 /* Embed App Extensions */ = {
			isa = PBXCopyFilesBuildPhase;
			buildActionMask = 2147483647;
			dstPath = "";
			dstSubfolderSpec = 13;
			files = (
				8CFA45C52506DC150038FA40 /* Grocery List Watch Extension.appex in Embed App Extensions */,
			);
			name = "Embed App Extensions";
			runOnlyForDeploymentPostprocessing = 0;
		};
		8CFA45DD2506DC160038FA40 /* Embed Watch Content */ = {
			isa = PBXCopyFilesBuildPhase;
			buildActionMask = 2147483647;
			dstPath = "$(CONTENTS_FOLDER_PATH)/Watch";
			dstSubfolderSpec = 16;
			files = (
				8CFA45D52506DC160038FA40 /* Grocery List Watch.app in Embed Watch Content */,
			);
			name = "Embed Watch Content";
			runOnlyForDeploymentPostprocessing = 0;
		};
/* End PBXCopyFilesBuildPhase section */

/* Begin PBXFileReference section */
		8CFA459F2506DBE80038FA40 /* Grocery List.app */ = {isa = PBXFileReference; explicitFileType = wrapper.application; includeInIndex = 0; path = "Grocery List.app"; sourceTree = BUILT_PRODUCTS_DIR; };
		8CFA45A22506DBE80038FA40 /* AppDelegate.swift */ = {isa = PBXFileReference; lastKnownFileType = sourcecode.swift; path = AppDelegate.swift; sourceTree = "<group>"; };
		8CFA45A42506DBE80038FA40 /* SceneDelegate.swift */ = {isa = PBXFileReference; lastKnownFileType = sourcecode.swift; path = SceneDelegate.swift; sourceTree = "<group>"; };
		8CFA45A62506DBE80038FA40 /* ViewController.swift */ = {isa = PBXFileReference; lastKnownFileType = sourcecode.swift; path = ViewController.swift; sourceTree = "<group>"; };
		8CFA45A92506DBE80038FA40 /* Base */ = {isa = PBXFileReference; lastKnownFileType = file.storyboard; name = Base; path = Base.lproj/Main.storyboard; sourceTree = "<group>"; };
		8CFA45AB2506DBEA0038FA40 /* Assets.xcassets */ = {isa = PBXFileReference; lastKnownFileType = folder.assetcatalog; path = Assets.xcassets; sourceTree = "<group>"; };
		8CFA45AE2506DBEA0038FA40 /* Base */ = {isa = PBXFileReference; lastKnownFileType = file.storyboard; name = Base; path = Base.lproj/LaunchScreen.storyboard; sourceTree = "<group>"; };
		8CFA45B02506DBEA0038FA40 /* Info.plist */ = {isa = PBXFileReference; lastKnownFileType = text.plist.xml; path = Info.plist; sourceTree = "<group>"; };
		8CFA45B82506DC140038FA40 /* Grocery List Watch.app */ = {isa = PBXFileReference; explicitFileType = wrapper.application; includeInIndex = 0; path = "Grocery List Watch.app"; sourceTree = BUILT_PRODUCTS_DIR; };
		8CFA45BB2506DC140038FA40 /* Base */ = {isa = PBXFileReference; lastKnownFileType = file.storyboard; name = Base; path = Base.lproj/Interface.storyboard; sourceTree = "<group>"; };
		8CFA45BD2506DC150038FA40 /* Assets.xcassets */ = {isa = PBXFileReference; lastKnownFileType = folder.assetcatalog; path = Assets.xcassets; sourceTree = "<group>"; };
		8CFA45BF2506DC150038FA40 /* Info.plist */ = {isa = PBXFileReference; lastKnownFileType = text.plist.xml; path = Info.plist; sourceTree = "<group>"; };
		8CFA45C42506DC150038FA40 /* Grocery List Watch Extension.appex */ = {isa = PBXFileReference; explicitFileType = "wrapper.app-extension"; includeInIndex = 0; path = "Grocery List Watch Extension.appex"; sourceTree = BUILT_PRODUCTS_DIR; };
		8CFA45C92506DC150038FA40 /* InterfaceController.swift */ = {isa = PBXFileReference; lastKnownFileType = sourcecode.swift; path = InterfaceController.swift; sourceTree = "<group>"; };
		8CFA45CB2506DC150038FA40 /* ExtensionDelegate.swift */ = {isa = PBXFileReference; lastKnownFileType = sourcecode.swift; path = ExtensionDelegate.swift; sourceTree = "<group>"; };
		8CFA45CD2506DC150038FA40 /* NotificationController.swift */ = {isa = PBXFileReference; lastKnownFileType = sourcecode.swift; path = NotificationController.swift; sourceTree = "<group>"; };
		8CFA45CF2506DC160038FA40 /* Assets.xcassets */ = {isa = PBXFileReference; lastKnownFileType = folder.assetcatalog; path = Assets.xcassets; sourceTree = "<group>"; };
		8CFA45D12506DC160038FA40 /* Info.plist */ = {isa = PBXFileReference; lastKnownFileType = text.plist.xml; path = Info.plist; sourceTree = "<group>"; };
		8CFA45D22506DC160038FA40 /* PushNotificationPayload.apns */ = {isa = PBXFileReference; lastKnownFileType = text; path = PushNotificationPayload.apns; sourceTree = "<group>"; };
		8CFA45DE2506E3450038FA40 /* RowController.swift */ = {isa = PBXFileReference; lastKnownFileType = sourcecode.swift; path = RowController.swift; sourceTree = "<group>"; };
/* End PBXFileReference section */

/* Begin PBXFrameworksBuildPhase section */
		8CFA459C2506DBE80038FA40 /* Frameworks */ = {
			isa = PBXFrameworksBuildPhase;
			buildActionMask = 2147483647;
			files = (
			);
			runOnlyForDeploymentPostprocessing = 0;
		};
		8CFA45C12506DC150038FA40 /* Frameworks */ = {
			isa = PBXFrameworksBuildPhase;
			buildActionMask = 2147483647;
			files = (
			);
			runOnlyForDeploymentPostprocessing = 0;
		};
/* End PBXFrameworksBuildPhase section */

/* Begin PBXGroup section */
		8CFA45962506DBE80038FA40 = {
			isa = PBXGroup;
			children = (
				8CFA45A12506DBE80038FA40 /* Grocery List */,
				8CFA45B92506DC140038FA40 /* Grocery List Watch */,
				8CFA45C82506DC150038FA40 /* Grocery List Watch Extension */,
				8CFA45A02506DBE80038FA40 /* Products */,
			);
			sourceTree = "<group>";
		};
		8CFA45A02506DBE80038FA40 /* Products */ = {
			isa = PBXGroup;
			children = (
				8CFA459F2506DBE80038FA40 /* Grocery List.app */,
				8CFA45B82506DC140038FA40 /* Grocery List Watch.app */,
				8CFA45C42506DC150038FA40 /* Grocery List Watch Extension.appex */,
			);
			name = Products;
			sourceTree = "<group>";
		};
		8CFA45A12506DBE80038FA40 /* Grocery List */ = {
			isa = PBXGroup;
			children = (
				8CFA45A22506DBE80038FA40 /* AppDelegate.swift */,
				8CFA45A42506DBE80038FA40 /* SceneDelegate.swift */,
				8CFA45A62506DBE80038FA40 /* ViewController.swift */,
				8CFA45A82506DBE80038FA40 /* Main.storyboard */,
				8CFA45AB2506DBEA0038FA40 /* Assets.xcassets */,
				8CFA45AD2506DBEA0038FA40 /* LaunchScreen.storyboard */,
				8CFA45B02506DBEA0038FA40 /* Info.plist */,
			);
			path = "Grocery List";
			sourceTree = "<group>";
		};
		8CFA45B92506DC140038FA40 /* Grocery List Watch */ = {
			isa = PBXGroup;
			children = (
				8CFA45BA2506DC140038FA40 /* Interface.storyboard */,
				8CFA45BD2506DC150038FA40 /* Assets.xcassets */,
				8CFA45BF2506DC150038FA40 /* Info.plist */,
			);
			path = "Grocery List Watch";
			sourceTree = "<group>";
		};
		8CFA45C82506DC150038FA40 /* Grocery List Watch Extension */ = {
			isa = PBXGroup;
			children = (
				8CFA45C92506DC150038FA40 /* InterfaceController.swift */,
				8CFA45CB2506DC150038FA40 /* ExtensionDelegate.swift */,
				8CFA45CD2506DC150038FA40 /* NotificationController.swift */,
				8CFA45CF2506DC160038FA40 /* Assets.xcassets */,
				8CFA45D12506DC160038FA40 /* Info.plist */,
				8CFA45D22506DC160038FA40 /* PushNotificationPayload.apns */,
				8CFA45DE2506E3450038FA40 /* RowController.swift */,
			);
			path = "Grocery List Watch Extension";
			sourceTree = "<group>";
		};
/* End PBXGroup section */

/* Begin PBXNativeTarget section */
		8CFA459E2506DBE80038FA40 /* Grocery List */ = {
			isa = PBXNativeTarget;
			buildConfigurationList = 8CFA45B32506DBEA0038FA40 /* Build configuration list for PBXNativeTarget "Grocery List" */;
			buildPhases = (
				8CFA459B2506DBE80038FA40 /* Sources */,
				8CFA459C2506DBE80038FA40 /* Frameworks */,
				8CFA459D2506DBE80038FA40 /* Resources */,
				8CFA45DD2506DC160038FA40 /* Embed Watch Content */,
			);
			buildRules = (
			);
			dependencies = (
				8CFA45D42506DC160038FA40 /* PBXTargetDependency */,
			);
			name = "Grocery List";
			productName = "Grocery List";
			productReference = 8CFA459F2506DBE80038FA40 /* Grocery List.app */;
			productType = "com.apple.product-type.application";
		};
		8CFA45B72506DC140038FA40 /* Grocery List Watch */ = {
			isa = PBXNativeTarget;
			buildConfigurationList = 8CFA45DA2506DC160038FA40 /* Build configuration list for PBXNativeTarget "Grocery List Watch" */;
			buildPhases = (
				8CFA45B62506DC140038FA40 /* Resources */,
				8CFA45D92506DC160038FA40 /* Embed App Extensions */,
			);
			buildRules = (
			);
			dependencies = (
				8CFA45C72506DC150038FA40 /* PBXTargetDependency */,
			);
			name = "Grocery List Watch";
			productName = "Grocery List Watch";
			productReference = 8CFA45B82506DC140038FA40 /* Grocery List Watch.app */;
			productType = "com.apple.product-type.application.watchapp2";
		};
		8CFA45C32506DC150038FA40 /* Grocery List Watch Extension */ = {
			isa = PBXNativeTarget;
			buildConfigurationList = 8CFA45D62506DC160038FA40 /* Build configuration list for PBXNativeTarget "Grocery List Watch Extension" */;
			buildPhases = (
				8CFA45C02506DC150038FA40 /* Sources */,
				8CFA45C12506DC150038FA40 /* Frameworks */,
				8CFA45C22506DC150038FA40 /* Resources */,
			);
			buildRules = (
			);
			dependencies = (
			);
			name = "Grocery List Watch Extension";
			productName = "Grocery List Watch Extension";
			productReference = 8CFA45C42506DC150038FA40 /* Grocery List Watch Extension.appex */;
			productType = "com.apple.product-type.watchkit2-extension";
		};
/* End PBXNativeTarget section */

/* Begin PBXProject section */
		8CFA45972506DBE80038FA40 /* Project object */ = {
			isa = PBXProject;
			attributes = {
				LastSwiftUpdateCheck = 1150;
				LastUpgradeCheck = 1150;
				ORGANIZATIONNAME = "Tatsuya Moriguchi";
				TargetAttributes = {
					8CFA459E2506DBE80038FA40 = {
						CreatedOnToolsVersion = 11.5;
					};
					8CFA45B72506DC140038FA40 = {
						CreatedOnToolsVersion = 11.5;
					};
					8CFA45C32506DC150038FA40 = {
						CreatedOnToolsVersion = 11.5;
					};
				};
			};
			buildConfigurationList = 8CFA459A2506DBE80038FA40 /* Build configuration list for PBXProject "Grocery List" */;
			compatibilityVersion = "Xcode 9.3";
			developmentRegion = en;
			hasScannedForEncodings = 0;
			knownRegions = (
				en,
				Base,
			);
			mainGroup = 8CFA45962506DBE80038FA40;
			productRefGroup = 8CFA45A02506DBE80038FA40 /* Products */;
			projectDirPath = "";
			projectRoot = "";
			targets = (
				8CFA459E2506DBE80038FA40 /* Grocery List */,
				8CFA45B72506DC140038FA40 /* Grocery List Watch */,
				8CFA45C32506DC150038FA40 /* Grocery List Watch Extension */,
			);
		};
/* End PBXProject section */

/* Begin PBXResourcesBuildPhase section */
		8CFA459D2506DBE80038FA40 /* Resources */ = {
			isa = PBXResourcesBuildPhase;
			buildActionMask = 2147483647;
			files = (
				8CFA45AF2506DBEA0038FA40 /* LaunchScreen.storyboard in Resources */,
				8CFA45AC2506DBEA0038FA40 /* Assets.xcassets in Resources */,
				8CFA45AA2506DBE80038FA40 /* Main.storyboard in Resources */,
			);
			runOnlyForDeploymentPostprocessing = 0;
		};
		8CFA45B62506DC140038FA40 /* Resources */ = {
			isa = PBXResourcesBuildPhase;
			buildActionMask = 2147483647;
			files = (
				8CFA45BE2506DC150038FA40 /* Assets.xcassets in Resources */,
				8CFA45BC2506DC140038FA40 /* Interface.storyboard in Resources */,
			);
			runOnlyForDeploymentPostprocessing = 0;
		};
		8CFA45C22506DC150038FA40 /* Resources */ = {
			isa = PBXResourcesBuildPhase;
			buildActionMask = 2147483647;
			files = (
				8CFA45D02506DC160038FA40 /* Assets.xcassets in Resources */,
			);
			runOnlyForDeploymentPostprocessing = 0;
		};
/* End PBXResourcesBuildPhase section */

/* Begin PBXSourcesBuildPhase section */
		8CFA459B2506DBE80038FA40 /* Sources */ = {
			isa = PBXSourcesBuildPhase;
			buildActionMask = 2147483647;
			files = (
				8CFA45A72506DBE80038FA40 /* ViewController.swift in Sources */,
				8CFA45A32506DBE80038FA40 /* AppDelegate.swift in Sources */,
				8CFA45A52506DBE80038FA40 /* SceneDelegate.swift in Sources */,
			);
			runOnlyForDeploymentPostprocessing = 0;
		};
		8CFA45C02506DC150038FA40 /* Sources */ = {
			isa = PBXSourcesBuildPhase;
			buildActionMask = 2147483647;
			files = (
				8CFA45CE2506DC150038FA40 /* NotificationController.swift in Sources */,
				8CFA45CC2506DC150038FA40 /* ExtensionDelegate.swift in Sources */,
				8CFA45DF2506E3450038FA40 /* RowController.swift in Sources */,
				8CFA45CA2506DC150038FA40 /* InterfaceController.swift in Sources */,
			);
			runOnlyForDeploymentPostprocessing = 0;
		};
/* End PBXSourcesBuildPhase section */

/* Begin PBXTargetDependency section */
		8CFA45C72506DC150038FA40 /* PBXTargetDependency */ = {
			isa = PBXTargetDependency;
			target = 8CFA45C32506DC150038FA40 /* Grocery List Watch Extension */;
			targetProxy = 8CFA45C62506DC150038FA40 /* PBXContainerItemProxy */;
		};
		8CFA45D42506DC160038FA40 /* PBXTargetDependency */ = {
			isa = PBXTargetDependency;
			target = 8CFA45B72506DC140038FA40 /* Grocery List Watch */;
			targetProxy = 8CFA45D32506DC160038FA40 /* PBXContainerItemProxy */;
		};
/* End PBXTargetDependency section */

/* Begin PBXVariantGroup section */
		8CFA45A82506DBE80038FA40 /* Main.storyboard */ = {
			isa = PBXVariantGroup;
			children = (
				8CFA45A92506DBE80038FA40 /* Base */,
			);
			name = Main.storyboard;
			sourceTree = "<group>";
		};
		8CFA45AD2506DBEA0038FA40 /* LaunchScreen.storyboard */ = {
			isa = PBXVariantGroup;
			children = (
				8CFA45AE2506DBEA0038FA40 /* Base */,
			);
			name = LaunchScreen.storyboard;
			sourceTree = "<group>";
		};
		8CFA45BA2506DC140038FA40 /* Interface.storyboard */ = {
			isa = PBXVariantGroup;
			children = (
				8CFA45BB2506DC140038FA40 /* Base */,
			);
			name = Interface.storyboard;
			sourceTree = "<group>";
		};
/* End PBXVariantGroup section */

/* Begin XCBuildConfiguration section */
		8CFA45B12506DBEA0038FA40 /* Debug */ = {
			isa = XCBuildConfiguration;
			buildSettings = {
				ALWAYS_SEARCH_USER_PATHS = NO;
				CLANG_ANALYZER_NONNULL = YES;
				CLANG_ANALYZER_NUMBER_OBJECT_CONVERSION = YES_AGGRESSIVE;
				CLANG_CXX_LANGUAGE_STANDARD = "gnu++14";
				CLANG_CXX_LIBRARY = "libc++";
				CLANG_ENABLE_MODULES = YES;
				CLANG_ENABLE_OBJC_ARC = YES;
				CLANG_ENABLE_OBJC_WEAK = YES;
				CLANG_WARN_BLOCK_CAPTURE_AUTORELEASING = YES;
				CLANG_WARN_BOOL_CONVERSION = YES;
				CLANG_WARN_COMMA = YES;
				CLANG_WARN_CONSTANT_CONVERSION = YES;
				CLANG_WARN_DEPRECATED_OBJC_IMPLEMENTATIONS = YES;
				CLANG_WARN_DIRECT_OBJC_ISA_USAGE = YES_ERROR;
				CLANG_WARN_DOCUMENTATION_COMMENTS = YES;
				CLANG_WARN_EMPTY_BODY = YES;
				CLANG_WARN_ENUM_CONVERSION = YES;
				CLANG_WARN_INFINITE_RECURSION = YES;
				CLANG_WARN_INT_CONVERSION = YES;
				CLANG_WARN_NON_LITERAL_NULL_CONVERSION = YES;
				CLANG_WARN_OBJC_IMPLICIT_RETAIN_SELF = YES;
				CLANG_WARN_OBJC_LITERAL_CONVERSION = YES;
				CLANG_WARN_OBJC_ROOT_CLASS = YES_ERROR;
				CLANG_WARN_RANGE_LOOP_ANALYSIS = YES;
				CLANG_WARN_STRICT_PROTOTYPES = YES;
				CLANG_WARN_SUSPICIOUS_MOVE = YES;
				CLANG_WARN_UNGUARDED_AVAILABILITY = YES_AGGRESSIVE;
				CLANG_WARN_UNREACHABLE_CODE = YES;
				CLANG_WARN__DUPLICATE_METHOD_MATCH = YES;
				COPY_PHASE_STRIP = NO;
				DEBUG_INFORMATION_FORMAT = dwarf;
				ENABLE_STRICT_OBJC_MSGSEND = YES;
				ENABLE_TESTABILITY = YES;
				GCC_C_LANGUAGE_STANDARD = gnu11;
				GCC_DYNAMIC_NO_PIC = NO;
				GCC_NO_COMMON_BLOCKS = YES;
				GCC_OPTIMIZATION_LEVEL = 0;
				GCC_PREPROCESSOR_DEFINITIONS = (
					"DEBUG=1",
					"$(inherited)",
				);
				GCC_WARN_64_TO_32_BIT_CONVERSION = YES;
				GCC_WARN_ABOUT_RETURN_TYPE = YES_ERROR;
				GCC_WARN_UNDECLARED_SELECTOR = YES;
				GCC_WARN_UNINITIALIZED_AUTOS = YES_AGGRESSIVE;
				GCC_WARN_UNUSED_FUNCTION = YES;
				GCC_WARN_UNUSED_VARIABLE = YES;
				IPHONEOS_DEPLOYMENT_TARGET = 13.5;
				MTL_ENABLE_DEBUG_INFO = INCLUDE_SOURCE;
				MTL_FAST_MATH = YES;
				ONLY_ACTIVE_ARCH = YES;
				SDKROOT = iphoneos;
				SWIFT_ACTIVE_COMPILATION_CONDITIONS = DEBUG;
				SWIFT_OPTIMIZATION_LEVEL = "-Onone";
			};
			name = Debug;
		};
		8CFA45B22506DBEA0038FA40 /* Release */ = {
			isa = XCBuildConfiguration;
			buildSettings = {
				ALWAYS_SEARCH_USER_PATHS = NO;
				CLANG_ANALYZER_NONNULL = YES;
				CLANG_ANALYZER_NUMBER_OBJECT_CONVERSION = YES_AGGRESSIVE;
				CLANG_CXX_LANGUAGE_STANDARD = "gnu++14";
				CLANG_CXX_LIBRARY = "libc++";
				CLANG_ENABLE_MODULES = YES;
				CLANG_ENABLE_OBJC_ARC = YES;
				CLANG_ENABLE_OBJC_WEAK = YES;
				CLANG_WARN_BLOCK_CAPTURE_AUTORELEASING = YES;
				CLANG_WARN_BOOL_CONVERSION = YES;
				CLANG_WARN_COMMA = YES;
				CLANG_WARN_CONSTANT_CONVERSION = YES;
				CLANG_WARN_DEPRECATED_OBJC_IMPLEMENTATIONS = YES;
				CLANG_WARN_DIRECT_OBJC_ISA_USAGE = YES_ERROR;
				CLANG_WARN_DOCUMENTATION_COMMENTS = YES;
				CLANG_WARN_EMPTY_BODY = YES;
				CLANG_WARN_ENUM_CONVERSION = YES;
				CLANG_WARN_INFINITE_RECURSION = YES;
				CLANG_WARN_INT_CONVERSION = YES;
				CLANG_WARN_NON_LITERAL_NULL_CONVERSION = YES;
				CLANG_WARN_OBJC_IMPLICIT_RETAIN_SELF = YES;
				CLANG_WARN_OBJC_LITERAL_CONVERSION = YES;
				CLANG_WARN_OBJC_ROOT_CLASS = YES_ERROR;
				CLANG_WARN_RANGE_LOOP_ANALYSIS = YES;
				CLANG_WARN_STRICT_PROTOTYPES = YES;
				CLANG_WARN_SUSPICIOUS_MOVE = YES;
				CLANG_WARN_UNGUARDED_AVAILABILITY = YES_AGGRESSIVE;
				CLANG_WARN_UNREACHABLE_CODE = YES;
				CLANG_WARN__DUPLICATE_METHOD_MATCH = YES;
				COPY_PHASE_STRIP = NO;
				DEBUG_INFORMATION_FORMAT = "dwarf-with-dsym";
				ENABLE_NS_ASSERTIONS = NO;
				ENABLE_STRICT_OBJC_MSGSEND = YES;
				GCC_C_LANGUAGE_STANDARD = gnu11;
				GCC_NO_COMMON_BLOCKS = YES;
				GCC_WARN_64_TO_32_BIT_CONVERSION = YES;
				GCC_WARN_ABOUT_RETURN_TYPE = YES_ERROR;
				GCC_WARN_UNDECLARED_SELECTOR = YES;
				GCC_WARN_UNINITIALIZED_AUTOS = YES_AGGRESSIVE;
				GCC_WARN_UNUSED_FUNCTION = YES;
				GCC_WARN_UNUSED_VARIABLE = YES;
				IPHONEOS_DEPLOYMENT_TARGET = 13.5;
				MTL_ENABLE_DEBUG_INFO = NO;
				MTL_FAST_MATH = YES;
				SDKROOT = iphoneos;
				SWIFT_COMPILATION_MODE = wholemodule;
				SWIFT_OPTIMIZATION_LEVEL = "-O";
				VALIDATE_PRODUCT = YES;
			};
			name = Release;
		};
		8CFA45B42506DBEA0038FA40 /* Debug */ = {
			isa = XCBuildConfiguration;
			buildSettings = {
				ASSETCATALOG_COMPILER_APPICON_NAME = AppIcon;
				CODE_SIGN_STYLE = Automatic;
				DEVELOPMENT_TEAM = GY7BG2G9TC;
				INFOPLIST_FILE = "Grocery List/Info.plist";
				LD_RUNPATH_SEARCH_PATHS = (
					"$(inherited)",
					"@executable_path/Frameworks",
				);
				PRODUCT_BUNDLE_IDENTIFIER = "com.beckos.Grocery-List";
				PRODUCT_NAME = "$(TARGET_NAME)";
				SWIFT_VERSION = 5.0;
				TARGETED_DEVICE_FAMILY = "1,2";
			};
			name = Debug;
		};
		8CFA45B52506DBEA0038FA40 /* Release */ = {
			isa = XCBuildConfiguration;
			buildSettings = {
				ASSETCATALOG_COMPILER_APPICON_NAME = AppIcon;
				CODE_SIGN_STYLE = Automatic;
				DEVELOPMENT_TEAM = GY7BG2G9TC;
				INFOPLIST_FILE = "Grocery List/Info.plist";
				LD_RUNPATH_SEARCH_PATHS = (
					"$(inherited)",
					"@executable_path/Frameworks",
				);
				PRODUCT_BUNDLE_IDENTIFIER = "com.beckos.Grocery-List";
				PRODUCT_NAME = "$(TARGET_NAME)";
				SWIFT_VERSION = 5.0;
				TARGETED_DEVICE_FAMILY = "1,2";
			};
			name = Release;
		};
		8CFA45D72506DC160038FA40 /* Debug */ = {
			isa = XCBuildConfiguration;
			buildSettings = {
				ASSETCATALOG_COMPILER_COMPLICATION_NAME = Complication;
				CODE_SIGN_STYLE = Automatic;
				DEVELOPMENT_TEAM = GY7BG2G9TC;
				INFOPLIST_FILE = "Grocery List Watch Extension/Info.plist";
				LD_RUNPATH_SEARCH_PATHS = (
					"$(inherited)",
					"@executable_path/Frameworks",
					"@executable_path/../../Frameworks",
				);
				PRODUCT_BUNDLE_IDENTIFIER = "com.beckos.Grocery-List.watchkitapp.watchkitextension";
				PRODUCT_NAME = "${TARGET_NAME}";
				SDKROOT = watchos;
				SKIP_INSTALL = YES;
				SWIFT_VERSION = 5.0;
				TARGETED_DEVICE_FAMILY = 4;
				WATCHOS_DEPLOYMENT_TARGET = 6.2;
			};
			name = Debug;
		};
		8CFA45D82506DC160038FA40 /* Release */ = {
			isa = XCBuildConfiguration;
			buildSettings = {
				ASSETCATALOG_COMPILER_COMPLICATION_NAME = Complication;
				CODE_SIGN_STYLE = Automatic;
				DEVELOPMENT_TEAM = GY7BG2G9TC;
				INFOPLIST_FILE = "Grocery List Watch Extension/Info.plist";
				LD_RUNPATH_SEARCH_PATHS = (
					"$(inherited)",
					"@executable_path/Frameworks",
					"@executable_path/../../Frameworks",
				);
				PRODUCT_BUNDLE_IDENTIFIER = "com.beckos.Grocery-List.watchkitapp.watchkitextension";
				PRODUCT_NAME = "${TARGET_NAME}";
				SDKROOT = watchos;
				SKIP_INSTALL = YES;
				SWIFT_VERSION = 5.0;
				TARGETED_DEVICE_FAMILY = 4;
				WATCHOS_DEPLOYMENT_TARGET = 6.2;
			};
			name = Release;
		};
		8CFA45DB2506DC160038FA40 /* Debug */ = {
			isa = XCBuildConfiguration;
			buildSettings = {
				ALWAYS_EMBED_SWIFT_STANDARD_LIBRARIES = YES;
				ASSETCATALOG_COMPILER_APPICON_NAME = AppIcon;
				CODE_SIGN_STYLE = Automatic;
				DEVELOPMENT_TEAM = GY7BG2G9TC;
				IBSC_MODULE = Grocery_List_Watch_Extension;
				INFOPLIST_FILE = "Grocery List Watch/Info.plist";
				PRODUCT_BUNDLE_IDENTIFIER = "com.beckos.Grocery-List.watchkitapp";
				PRODUCT_NAME = "$(TARGET_NAME)";
				SDKROOT = watchos;
				SKIP_INSTALL = YES;
				SWIFT_VERSION = 5.0;
				TARGETED_DEVICE_FAMILY = 4;
				WATCHOS_DEPLOYMENT_TARGET = 6.2;
			};
			name = Debug;
		};
		8CFA45DC2506DC160038FA40 /* Release */ = {
			isa = XCBuildConfiguration;
			buildSettings = {
				ALWAYS_EMBED_SWIFT_STANDARD_LIBRARIES = YES;
				ASSETCATALOG_COMPILER_APPICON_NAME = AppIcon;
				CODE_SIGN_STYLE = Automatic;
				DEVELOPMENT_TEAM = GY7BG2G9TC;
				IBSC_MODULE = Grocery_List_Watch_Extension;
				INFOPLIST_FILE = "Grocery List Watch/Info.plist";
				PRODUCT_BUNDLE_IDENTIFIER = "com.beckos.Grocery-List.watchkitapp";
				PRODUCT_NAME = "$(TARGET_NAME)";
				SDKROOT = watchos;
				SKIP_INSTALL = YES;
				SWIFT_VERSION = 5.0;
				TARGETED_DEVICE_FAMILY = 4;
				WATCHOS_DEPLOYMENT_TARGET = 6.2;
			};
			name = Release;
		};
/* End XCBuildConfiguration section */

/* Begin XCConfigurationList section */
		8CFA459A2506DBE80038FA40 /* Build configuration list for PBXProject "Grocery List" */ = {
			isa = XCConfigurationList;
			buildConfigurations = (
				8CFA45B12506DBEA0038FA40 /* Debug */,
				8CFA45B22506DBEA0038FA40 /* Release */,
			);
			defaultConfigurationIsVisible = 0;
			defaultConfigurationName = Release;
		};
		8CFA45B32506DBEA0038FA40 /* Build configuration list for PBXNativeTarget "Grocery List" */ = {
			isa = XCConfigurationList;
			buildConfigurations = (
				8CFA45B42506DBEA0038FA40 /* Debug */,
				8CFA45B52506DBEA0038FA40 /* Release */,
			);
			defaultConfigurationIsVisible = 0;
			defaultConfigurationName = Release;
		};
		8CFA45D62506DC160038FA40 /* Build configuration list for PBXNativeTarget "Grocery List Watch Extension" */ = {
			isa = XCConfigurationList;
			buildConfigurations = (
				8CFA45D72506DC160038FA40 /* Debug */,
				8CFA45D82506DC160038FA40 /* Release */,
			);
			defaultConfigurationIsVisible = 0;
			defaultConfigurationName = Release;
		};
		8CFA45DA2506DC160038FA40 /* Build configuration list for PBXNativeTarget "Grocery List Watch" */ = {
			isa = XCConfigurationList;
			buildConfigurations = (
				8CFA45DB2506DC160038FA40 /* Debug */,
				8CFA45DC2506DC160038FA40 /* Release */,
			);
			defaultConfigurationIsVisible = 0;
			defaultConfigurationName = Release;
		};
/* End XCConfigurationList section */
	};
	rootObject = 8CFA45972506DBE80038FA40 /* Project object */;
}
